
Microsoft Visual Studio Solution File, Format Version 12.00
# Visual Studio Version 16
VisualStudioVersion = 16.0.34031.81
MinimumVisualStudioVersion = 10.0.40219.1
Project("{FAE04EC0-301F-11D3-BF4B-00C04F79EFBC}") = "cada linha", "cada linha\cada linha.csproj", "{A1BA937D-8243-4516-9611-545FD5E87031}"
EndProject
Global
	GlobalSection(SolutionConfigurationPlatforms) = preSolution
		Debug|Any CPU = Debug|Any CPU
		Release|Any CPU = Release|Any CPU
	EndGlobalSection
	GlobalSection(ProjectConfigurationPlatforms) = postSolution
		{A1BA937D-8243-4516-9611-545FD5E87031}.Debug|Any CPU.ActiveCfg = Debug|Any CPU
		{A1BA937D-8243-4516-9611-545FD5E87031}.Debug|Any CPU.Build.0 = Debug|Any CPU
		{A1BA937D-8243-4516-9611-545FD5E87031}.Release|Any CPU.ActiveCfg = Release|Any CPU
		{A1BA937D-8243-4516-9611-545FD5E87031}.Release|Any CPU.Build.0 = Release|Any CPU
	EndGlobalSection
	GlobalSection(SolutionProperties) = preSolution
		HideSolutionNode = FALSE
	EndGlobalSection
	GlobalSection(ExtensibilityGlobals) = postSolution
		SolutionGuid = {F92FACCD-3DC6-468E-BAD0-BF821459D08F}
	EndGlobalSection
EndGlobal
